
Microsoft Visual Studio Solution File, Format Version 12.00
# Visual Studio Version 17
VisualStudioVersion = 17.8.34330.188
MinimumVisualStudioVersion = 10.0.40219.1
Project("{FAE04EC0-301F-11D3-BF4B-00C04F79EFBC}") = "Brain-A-Colada.Interfaces", "Brain-A-Colada.Interfaces\Brain-A-Colada.Interfaces.csproj", "{FD442AA3-8812-4532-B4BC-ADAC25BDAAD2}"
EndProject
Project("{FAE04EC0-301F-11D3-BF4B-00C04F79EFBC}") = "Brain-A-Colada.Builtin", "Brain-A-Colada.Builtin\Brain-A-Colada.Builtin.csproj", "{63E56522-AEA8-482C-AE76-9308A2A0EC43}"
EndProject
Project("{FAE04EC0-301F-11D3-BF4B-00C04F79EFBC}") = "Brain-A-Colada", "Brain-A-Colada\Brain-A-Colada.csproj", "{8F5151F2-3A3A-417B-A6B1-67C00F581D2E}"
EndProject
Global
	GlobalSection(SolutionConfigurationPlatforms) = preSolution
		Debug|Any CPU = Debug|Any CPU
		Release|Any CPU = Release|Any CPU
	EndGlobalSection
	GlobalSection(ProjectConfigurationPlatforms) = postSolution
		{FD442AA3-8812-4532-B4BC-ADAC25BDAAD2}.Debug|Any CPU.ActiveCfg = Debug|Any CPU
		{FD442AA3-8812-4532-B4BC-ADAC25BDAAD2}.Debug|Any CPU.Build.0 = Debug|Any CPU
		{FD442AA3-8812-4532-B4BC-ADAC25BDAAD2}.Release|Any CPU.ActiveCfg = Release|Any CPU
		{FD442AA3-8812-4532-B4BC-ADAC25BDAAD2}.Release|Any CPU.Build.0 = Release|Any CPU
		{63E56522-AEA8-482C-AE76-9308A2A0EC43}.Debug|Any CPU.ActiveCfg = Debug|Any CPU
		{63E56522-AEA8-482C-AE76-9308A2A0EC43}.Debug|Any CPU.Build.0 = Debug|Any CPU
		{63E56522-AEA8-482C-AE76-9308A2A0EC43}.Release|Any CPU.ActiveCfg = Release|Any CPU
		{63E56522-AEA8-482C-AE76-9308A2A0EC43}.Release|Any CPU.Build.0 = Release|Any CPU
		{8F5151F2-3A3A-417B-A6B1-67C00F581D2E}.Debug|Any CPU.ActiveCfg = Debug|Any CPU
		{8F5151F2-3A3A-417B-A6B1-67C00F581D2E}.Debug|Any CPU.Build.0 = Debug|Any CPU
		{8F5151F2-3A3A-417B-A6B1-67C00F581D2E}.Release|Any CPU.ActiveCfg = Release|Any CPU
		{8F5151F2-3A3A-417B-A6B1-67C00F581D2E}.Release|Any CPU.Build.0 = Release|Any CPU
	EndGlobalSection
	GlobalSection(SolutionProperties) = preSolution
		HideSolutionNode = FALSE
	EndGlobalSection
	GlobalSection(ExtensibilityGlobals) = postSolution
		SolutionGuid = {2A2B9A49-002D-44EB-9DB3-87B5C3D8F9C4}
	EndGlobalSection
EndGlobal
